
Microsoft Visual Studio Solution File, Format Version 12.00
# Visual Studio Version 17
VisualStudioVersion = 17.0.31903.59
MinimumVisualStudioVersion = 10.0.40219.1
Project("{FAE04EC0-301F-11D3-BF4B-00C04F79EFBC}") = "web", "web\web.csproj", "{CC247938-A2AA-45D0-BB22-3453F8A0876D}"
EndProject
Project("{2150E333-8FDC-42A3-9474-1A3956D46DE8}") = "tests", "tests", "{6A67D0B6-0AF3-4E3D-9820-6C273F68DAE6}"
EndProject
Project("{FAE04EC0-301F-11D3-BF4B-00C04F79EFBC}") = "UnitTests", "tests\UnitTests\UnitTests.csproj", "{ADA7F807-B18D-4A65-AD4A-8469F33F942A}"
EndProject
Project("{FAE04EC0-301F-11D3-BF4B-00C04F79EFBC}") = "IntegrationTests", "tests\IntegrationTests\IntegrationTests.csproj", "{F08504D8-076C-4410-AABD-A16AEDE4A2FD}"
EndProject
Project("{FAE04EC0-301F-11D3-BF4B-00C04F79EFBC}") = "Data", "..\..\Data\Data.csproj", "{24286271-B2EE-41AD-8243-FA2C66FCF2B3}"
EndProject
Global
	GlobalSection(SolutionConfigurationPlatforms) = preSolution
		Debug|Any CPU = Debug|Any CPU
		Release|Any CPU = Release|Any CPU
	EndGlobalSection
	GlobalSection(SolutionProperties) = preSolution
		HideSolutionNode = FALSE
	EndGlobalSection
	GlobalSection(ProjectConfigurationPlatforms) = postSolution
		{CC247938-A2AA-45D0-BB22-3453F8A0876D}.Debug|Any CPU.ActiveCfg = Debug|Any CPU
		{CC247938-A2AA-45D0-BB22-3453F8A0876D}.Debug|Any CPU.Build.0 = Debug|Any CPU
		{CC247938-A2AA-45D0-BB22-3453F8A0876D}.Release|Any CPU.ActiveCfg = Release|Any CPU
		{CC247938-A2AA-45D0-BB22-3453F8A0876D}.Release|Any CPU.Build.0 = Release|Any CPU
		{ADA7F807-B18D-4A65-AD4A-8469F33F942A}.Debug|Any CPU.ActiveCfg = Debug|Any CPU
		{ADA7F807-B18D-4A65-AD4A-8469F33F942A}.Debug|Any CPU.Build.0 = Debug|Any CPU
		{ADA7F807-B18D-4A65-AD4A-8469F33F942A}.Release|Any CPU.ActiveCfg = Release|Any CPU
		{ADA7F807-B18D-4A65-AD4A-8469F33F942A}.Release|Any CPU.Build.0 = Release|Any CPU
		{F08504D8-076C-4410-AABD-A16AEDE4A2FD}.Debug|Any CPU.ActiveCfg = Debug|Any CPU
		{F08504D8-076C-4410-AABD-A16AEDE4A2FD}.Debug|Any CPU.Build.0 = Debug|Any CPU
		{F08504D8-076C-4410-AABD-A16AEDE4A2FD}.Release|Any CPU.ActiveCfg = Release|Any CPU
		{F08504D8-076C-4410-AABD-A16AEDE4A2FD}.Release|Any CPU.Build.0 = Release|Any CPU
		{24286271-B2EE-41AD-8243-FA2C66FCF2B3}.Debug|Any CPU.ActiveCfg = Debug|Any CPU
		{24286271-B2EE-41AD-8243-FA2C66FCF2B3}.Debug|Any CPU.Build.0 = Debug|Any CPU
		{24286271-B2EE-41AD-8243-FA2C66FCF2B3}.Release|Any CPU.ActiveCfg = Release|Any CPU
		{24286271-B2EE-41AD-8243-FA2C66FCF2B3}.Release|Any CPU.Build.0 = Release|Any CPU
	EndGlobalSection
	GlobalSection(NestedProjects) = preSolution
		{ADA7F807-B18D-4A65-AD4A-8469F33F942A} = {6A67D0B6-0AF3-4E3D-9820-6C273F68DAE6}
		{F08504D8-076C-4410-AABD-A16AEDE4A2FD} = {6A67D0B6-0AF3-4E3D-9820-6C273F68DAE6}
	EndGlobalSection
EndGlobal
