
Microsoft Visual Studio Solution File, Format Version 12.00
# Visual Studio Version 17
VisualStudioVersion = 17.0.31903.59
MinimumVisualStudioVersion = 10.0.40219.1
<<<<<<< HEAD
Project("{FAE04EC0-301F-11D3-BF4B-00C04F79EFBC}") = "Data", "Data\Data.csproj", "{BB2254E0-FC9B-41EF-BC0C-AF4F0321FF29}"
EndProject
Project("{FAE04EC0-301F-11D3-BF4B-00C04F79EFBC}") = "Client", "Client\Client.csproj", "{382FF09E-1C54-4986-AE24-99CEA8D7BCC5}"
=======
Project("{9A19103F-16F7-4668-BE54-9A1E7A4F7556}") = "Data", "Data\Data.csproj", "{BB2254E0-FC9B-41EF-BC0C-AF4F0321FF29}"
EndProject
Project("{9A19103F-16F7-4668-BE54-9A1E7A4F7556}") = "Client", "Client\Client.csproj", "{382FF09E-1C54-4986-AE24-99CEA8D7BCC5}"
>>>>>>> ad7daf58bdad892f89a4468ce0ba2e0fa18b368a
EndProject
Project("{2150E333-8FDC-42A3-9474-1A3956D46DE8}") = "Apis", "Apis", "{2F77C35B-EBC0-454E-8465-5CE667EDDB2E}"
EndProject
Project("{2150E333-8FDC-42A3-9474-1A3956D46DE8}") = "controller-based", "controller-based", "{C110173D-6030-4FCA-B07A-0DCEA5CFA717}"
EndProject
<<<<<<< HEAD
Project("{FAE04EC0-301F-11D3-BF4B-00C04F79EFBC}") = "web", "Apis\controller-based\web\web.csproj", "{E34F88D9-01BA-4CC8-887C-5A3CE37280F8}"
EndProject
Project("{2150E333-8FDC-42A3-9474-1A3956D46DE8}") = "azfunc-based", "azfunc-based", "{445FD38B-7B55-43FE-8742-EB34D9B8A5D3}"
EndProject
Project("{FAE04EC0-301F-11D3-BF4B-00C04F79EFBC}") = "trigger", "Apis\azfunc-based\trigger\trigger.csproj", "{3AEF6483-A2E3-4604-85A7-53B726B5ABD5}"
EndProject
Project("{2150E333-8FDC-42A3-9474-1A3956D46DE8}") = "tests", "tests", "{8395C775-D6A4-4C6D-8D15-11A18F3B0ED5}"
EndProject
Project("{FAE04EC0-301F-11D3-BF4B-00C04F79EFBC}") = "UnitTests", "Apis\controller-based\tests\UnitTests\UnitTests.csproj", "{7BBCCA3E-55ED-4F83-9141-41A9DD63740B}"
EndProject
Project("{2150E333-8FDC-42A3-9474-1A3956D46DE8}") = "tests", "tests", "{BEFF1BD8-08DD-403E-A13C-67C566264D2C}"
EndProject
Project("{FAE04EC0-301F-11D3-BF4B-00C04F79EFBC}") = "UnitTests", "Apis\azfunc-based\tests\UnitTests\UnitTests.csproj", "{9125286F-233A-4EF0-93A5-34338015363E}"
EndProject
Project("{FAE04EC0-301F-11D3-BF4B-00C04F79EFBC}") = "IntegrationTests", "Apis\controller-based\tests\IntegrationTests\IntegrationTests.csproj", "{D8AD34B9-DBF7-439C-A8F3-5CD27601E034}"
=======
Project("{2150E333-8FDC-42A3-9474-1A3956D46DE8}") = "azfunc-based", "azfunc-based", "{445FD38B-7B55-43FE-8742-EB34D9B8A5D3}"
EndProject
Project("{9A19103F-16F7-4668-BE54-9A1E7A4F7556}") = "trigger", "Apis\azfunc-based\trigger\trigger.csproj", "{3AEF6483-A2E3-4604-85A7-53B726B5ABD5}"
EndProject
Project("{2150E333-8FDC-42A3-9474-1A3956D46DE8}") = "tests", "tests", "{8395C775-D6A4-4C6D-8D15-11A18F3B0ED5}"
EndProject
Project("{2150E333-8FDC-42A3-9474-1A3956D46DE8}") = "tests", "tests", "{BEFF1BD8-08DD-403E-A13C-67C566264D2C}"
EndProject
Project("{9A19103F-16F7-4668-BE54-9A1E7A4F7556}") = "UnitTests", "Apis\azfunc-based\tests\UnitTests\UnitTests.csproj", "{9125286F-233A-4EF0-93A5-34338015363E}"
>>>>>>> ad7daf58bdad892f89a4468ce0ba2e0fa18b368a
EndProject
Global
	GlobalSection(SolutionConfigurationPlatforms) = preSolution
		Debug|Any CPU = Debug|Any CPU
		Release|Any CPU = Release|Any CPU
	EndGlobalSection
<<<<<<< HEAD
	GlobalSection(SolutionProperties) = preSolution
		HideSolutionNode = FALSE
	EndGlobalSection
=======
>>>>>>> ad7daf58bdad892f89a4468ce0ba2e0fa18b368a
	GlobalSection(ProjectConfigurationPlatforms) = postSolution
		{BB2254E0-FC9B-41EF-BC0C-AF4F0321FF29}.Debug|Any CPU.ActiveCfg = Debug|Any CPU
		{BB2254E0-FC9B-41EF-BC0C-AF4F0321FF29}.Debug|Any CPU.Build.0 = Debug|Any CPU
		{BB2254E0-FC9B-41EF-BC0C-AF4F0321FF29}.Release|Any CPU.ActiveCfg = Release|Any CPU
		{BB2254E0-FC9B-41EF-BC0C-AF4F0321FF29}.Release|Any CPU.Build.0 = Release|Any CPU
		{382FF09E-1C54-4986-AE24-99CEA8D7BCC5}.Debug|Any CPU.ActiveCfg = Debug|Any CPU
		{382FF09E-1C54-4986-AE24-99CEA8D7BCC5}.Debug|Any CPU.Build.0 = Debug|Any CPU
		{382FF09E-1C54-4986-AE24-99CEA8D7BCC5}.Release|Any CPU.ActiveCfg = Release|Any CPU
		{382FF09E-1C54-4986-AE24-99CEA8D7BCC5}.Release|Any CPU.Build.0 = Release|Any CPU
<<<<<<< HEAD
		{E34F88D9-01BA-4CC8-887C-5A3CE37280F8}.Debug|Any CPU.ActiveCfg = Debug|Any CPU
		{E34F88D9-01BA-4CC8-887C-5A3CE37280F8}.Debug|Any CPU.Build.0 = Debug|Any CPU
		{E34F88D9-01BA-4CC8-887C-5A3CE37280F8}.Release|Any CPU.ActiveCfg = Release|Any CPU
		{E34F88D9-01BA-4CC8-887C-5A3CE37280F8}.Release|Any CPU.Build.0 = Release|Any CPU
=======
>>>>>>> ad7daf58bdad892f89a4468ce0ba2e0fa18b368a
		{3AEF6483-A2E3-4604-85A7-53B726B5ABD5}.Debug|Any CPU.ActiveCfg = Debug|Any CPU
		{3AEF6483-A2E3-4604-85A7-53B726B5ABD5}.Debug|Any CPU.Build.0 = Debug|Any CPU
		{3AEF6483-A2E3-4604-85A7-53B726B5ABD5}.Release|Any CPU.ActiveCfg = Release|Any CPU
		{3AEF6483-A2E3-4604-85A7-53B726B5ABD5}.Release|Any CPU.Build.0 = Release|Any CPU
<<<<<<< HEAD
		{7BBCCA3E-55ED-4F83-9141-41A9DD63740B}.Debug|Any CPU.ActiveCfg = Debug|Any CPU
		{7BBCCA3E-55ED-4F83-9141-41A9DD63740B}.Debug|Any CPU.Build.0 = Debug|Any CPU
		{7BBCCA3E-55ED-4F83-9141-41A9DD63740B}.Release|Any CPU.ActiveCfg = Release|Any CPU
		{7BBCCA3E-55ED-4F83-9141-41A9DD63740B}.Release|Any CPU.Build.0 = Release|Any CPU
=======
>>>>>>> ad7daf58bdad892f89a4468ce0ba2e0fa18b368a
		{9125286F-233A-4EF0-93A5-34338015363E}.Debug|Any CPU.ActiveCfg = Debug|Any CPU
		{9125286F-233A-4EF0-93A5-34338015363E}.Debug|Any CPU.Build.0 = Debug|Any CPU
		{9125286F-233A-4EF0-93A5-34338015363E}.Release|Any CPU.ActiveCfg = Release|Any CPU
		{9125286F-233A-4EF0-93A5-34338015363E}.Release|Any CPU.Build.0 = Release|Any CPU
<<<<<<< HEAD
		{D8AD34B9-DBF7-439C-A8F3-5CD27601E034}.Debug|Any CPU.ActiveCfg = Debug|Any CPU
		{D8AD34B9-DBF7-439C-A8F3-5CD27601E034}.Debug|Any CPU.Build.0 = Debug|Any CPU
		{D8AD34B9-DBF7-439C-A8F3-5CD27601E034}.Release|Any CPU.ActiveCfg = Release|Any CPU
		{D8AD34B9-DBF7-439C-A8F3-5CD27601E034}.Release|Any CPU.Build.0 = Release|Any CPU
	EndGlobalSection
	GlobalSection(NestedProjects) = preSolution
		{C110173D-6030-4FCA-B07A-0DCEA5CFA717} = {2F77C35B-EBC0-454E-8465-5CE667EDDB2E}
		{E34F88D9-01BA-4CC8-887C-5A3CE37280F8} = {C110173D-6030-4FCA-B07A-0DCEA5CFA717}
		{445FD38B-7B55-43FE-8742-EB34D9B8A5D3} = {2F77C35B-EBC0-454E-8465-5CE667EDDB2E}
		{3AEF6483-A2E3-4604-85A7-53B726B5ABD5} = {445FD38B-7B55-43FE-8742-EB34D9B8A5D3}
		{8395C775-D6A4-4C6D-8D15-11A18F3B0ED5} = {C110173D-6030-4FCA-B07A-0DCEA5CFA717}
		{7BBCCA3E-55ED-4F83-9141-41A9DD63740B} = {8395C775-D6A4-4C6D-8D15-11A18F3B0ED5}
		{BEFF1BD8-08DD-403E-A13C-67C566264D2C} = {445FD38B-7B55-43FE-8742-EB34D9B8A5D3}
		{9125286F-233A-4EF0-93A5-34338015363E} = {BEFF1BD8-08DD-403E-A13C-67C566264D2C}
		{D8AD34B9-DBF7-439C-A8F3-5CD27601E034} = {8395C775-D6A4-4C6D-8D15-11A18F3B0ED5}
=======
	EndGlobalSection
	GlobalSection(SolutionProperties) = preSolution
		HideSolutionNode = FALSE
	EndGlobalSection
	GlobalSection(NestedProjects) = preSolution
		{C110173D-6030-4FCA-B07A-0DCEA5CFA717} = {2F77C35B-EBC0-454E-8465-5CE667EDDB2E}
		{445FD38B-7B55-43FE-8742-EB34D9B8A5D3} = {2F77C35B-EBC0-454E-8465-5CE667EDDB2E}
		{3AEF6483-A2E3-4604-85A7-53B726B5ABD5} = {445FD38B-7B55-43FE-8742-EB34D9B8A5D3}
		{8395C775-D6A4-4C6D-8D15-11A18F3B0ED5} = {C110173D-6030-4FCA-B07A-0DCEA5CFA717}
		{BEFF1BD8-08DD-403E-A13C-67C566264D2C} = {445FD38B-7B55-43FE-8742-EB34D9B8A5D3}
		{9125286F-233A-4EF0-93A5-34338015363E} = {BEFF1BD8-08DD-403E-A13C-67C566264D2C}
	EndGlobalSection
	GlobalSection(ExtensibilityGlobals) = postSolution
		SolutionGuid = {7A3F0326-962F-49B6-8A55-6311887E99FB}
>>>>>>> ad7daf58bdad892f89a4468ce0ba2e0fa18b368a
	EndGlobalSection
EndGlobal
